# THIS IS AN AUTOGENERATED FILE. DO NOT EDIT THIS FILE DIRECTLY.
# yarn lockfile v1


prettier@^2.3.2:
  version "2.3.2"
  resolved "https://registry.yarnpkg.com/prettier/-/prettier-2.3.2.tgz#ef280a05ec253712e486233db5c6f23441e7342d"
  integrity sha512-lnJzDfJ66zkMy58OL5/NY5zp70S7Nz6KqcKkXYzn2tMVrNxvbqaBpg7H3qHaLxCJ5lNMsGuM8+ohS7cZrthdLQ==

ws@^8.2.0:
  version "8.2.0"
  resolved "https://registry.yarnpkg.com/ws/-/ws-8.2.0.tgz#0b738cd484bfc9303421914b11bb4011e07615bb"
  integrity sha512-uYhVJ/m9oXwEI04iIVmgLmugh2qrZihkywG9y5FfZV2ATeLIzHf93qs+tUNqlttbQK957/VX3mtwAS+UfIwA4g==
